
Microsoft Visual Studio Solution File, Format Version 12.00
# Visual Studio 2013
VisualStudioVersion = 12.0.30723.0
MinimumVisualStudioVersion = 10.0.40219.1
Project("{FAE04EC0-301F-11D3-BF4B-00C04F79EFBC}") = "Ch07.Common", "Ch07.Common\Ch07.Common.csproj", "{C6898FDE-3D91-436D-BB4E-B996B9F5F913}"
EndProject
Project("{FAE04EC0-301F-11D3-BF4B-00C04F79EFBC}") = "Ex01.HelloUnity", "Ex01.HelloUnity\Ex01.HelloUnity.csproj", "{4761E393-E80C-4FA9-93DD-14FF3715F86F}"
EndProject
Project("{FAE04EC0-301F-11D3-BF4B-00C04F79EFBC}") = "Ex02.RegisterResolveBasic", "Ex02.RegisterResolveBasic\Ex02.RegisterResolveBasic.csproj", "{AA7A6C4A-41A7-4F03-93A1-F73CB9DD399E}"
EndProject
Project("{2150E333-8FDC-42A3-9474-1A3956D46DE8}") = ".nuget", ".nuget", "{CD289E85-EAF6-485E-A016-658036A1CC80}"
	ProjectSection(SolutionItems) = preProject
		.nuget\NuGet.Config = .nuget\NuGet.Config
		.nuget\NuGet.exe = .nuget\NuGet.exe
		.nuget\NuGet.targets = .nuget\NuGet.targets
	EndProjectSection
EndProject
Project("{FAE04EC0-301F-11D3-BF4B-00C04F79EFBC}") = "Ex03.ConfigFile", "Ex03.ConfigFile\Ex03.ConfigFile.csproj", "{9B3AFD80-3C85-4C8F-BD9B-DA7361ACEA79}"
EndProject
Project("{FAE04EC0-301F-11D3-BF4B-00C04F79EFBC}") = "Ex04.AutoRegisteration", "Ex04.AutoRegisteration\Ex04.AutoRegisteration.csproj", "{335FCB4D-F4DC-4C6B-A5DF-85F958D79B0B}"
EndProject
Project("{FAE04EC0-301F-11D3-BF4B-00C04F79EFBC}") = "Ex05.AllClassesDemo", "Ex05.AllClassesDemo\Ex05.AllClassesDemo.csproj", "{678157F8-2BD1-4BED-B169-9B7A8590ADF1}"
EndProject
Project("{FAE04EC0-301F-11D3-BF4B-00C04F79EFBC}") = "Ex06.AutoWiring", "Ex06.AutoWiring\Ex06.AutoWiring.csproj", "{169EAE78-F7FE-40DF-AE47-6BFFBB54913E}"
EndProject
Project("{FAE04EC0-301F-11D3-BF4B-00C04F79EFBC}") = "Ex07.OverrideAutoWiring", "Ex07.OverrideAutoWiring\Ex07.OverrideAutoWiring.csproj", "{9CF059B4-D905-4020-AD0D-F90C4E7D72B6}"
EndProject
Project("{FAE04EC0-301F-11D3-BF4B-00C04F79EFBC}") = "Ex08.DeferredResolution", "Ex08.DeferredResolution\Ex08.DeferredResolution.csproj", "{128DDB4B-BE32-49A1-AA89-B056025A77F0}"
EndProject
Project("{FAE04EC0-301F-11D3-BF4B-00C04F79EFBC}") = "Ex09.AutoFactory", "Ex09.AutoFactory\Ex09.AutoFactory.csproj", "{D5EEA733-3858-4B36-A008-F87026855952}"
EndProject
Project("{FAE04EC0-301F-11D3-BF4B-00C04F79EFBC}") = "Ex10.CustomFactory", "Ex10.CustomFactory\Ex10.CustomFactory.csproj", "{87EE22FC-5E58-422F-BDD9-69F9867927A4}"
EndProject
Project("{FAE04EC0-301F-11D3-BF4B-00C04F79EFBC}") = "Ex11.LifetimeDemo", "Ex11.LifetimeDemo\Ex11.LifetimeDemo.csproj", "{E14822EB-3DBA-44AD-8974-0E9AE5E8ABB4}"
EndProject
Project("{FAE04EC0-301F-11D3-BF4B-00C04F79EFBC}") = "Ex12.InterceptionDemo", "Ex12.InterceptionDemo\Ex12.InterceptionDemo.csproj", "{B929267D-1395-43DD-BFD2-88EEA9F7D07A}"
EndProject
Global
	GlobalSection(SolutionConfigurationPlatforms) = preSolution
		Debug|Any CPU = Debug|Any CPU
		Release|Any CPU = Release|Any CPU
	EndGlobalSection
	GlobalSection(ProjectConfigurationPlatforms) = postSolution
		{C6898FDE-3D91-436D-BB4E-B996B9F5F913}.Debug|Any CPU.ActiveCfg = Debug|Any CPU
		{C6898FDE-3D91-436D-BB4E-B996B9F5F913}.Debug|Any CPU.Build.0 = Debug|Any CPU
		{C6898FDE-3D91-436D-BB4E-B996B9F5F913}.Release|Any CPU.ActiveCfg = Release|Any CPU
		{C6898FDE-3D91-436D-BB4E-B996B9F5F913}.Release|Any CPU.Build.0 = Release|Any CPU
		{4761E393-E80C-4FA9-93DD-14FF3715F86F}.Debug|Any CPU.ActiveCfg = Debug|Any CPU
		{4761E393-E80C-4FA9-93DD-14FF3715F86F}.Debug|Any CPU.Build.0 = Debug|Any CPU
		{4761E393-E80C-4FA9-93DD-14FF3715F86F}.Release|Any CPU.ActiveCfg = Release|Any CPU
		{4761E393-E80C-4FA9-93DD-14FF3715F86F}.Release|Any CPU.Build.0 = Release|Any CPU
		{AA7A6C4A-41A7-4F03-93A1-F73CB9DD399E}.Debug|Any CPU.ActiveCfg = Debug|Any CPU
		{AA7A6C4A-41A7-4F03-93A1-F73CB9DD399E}.Debug|Any CPU.Build.0 = Debug|Any CPU
		{AA7A6C4A-41A7-4F03-93A1-F73CB9DD399E}.Release|Any CPU.ActiveCfg = Release|Any CPU
		{AA7A6C4A-41A7-4F03-93A1-F73CB9DD399E}.Release|Any CPU.Build.0 = Release|Any CPU
		{9B3AFD80-3C85-4C8F-BD9B-DA7361ACEA79}.Debug|Any CPU.ActiveCfg = Debug|Any CPU
		{9B3AFD80-3C85-4C8F-BD9B-DA7361ACEA79}.Debug|Any CPU.Build.0 = Debug|Any CPU
		{9B3AFD80-3C85-4C8F-BD9B-DA7361ACEA79}.Release|Any CPU.ActiveCfg = Release|Any CPU
		{9B3AFD80-3C85-4C8F-BD9B-DA7361ACEA79}.Release|Any CPU.Build.0 = Release|Any CPU
		{335FCB4D-F4DC-4C6B-A5DF-85F958D79B0B}.Debug|Any CPU.ActiveCfg = Debug|Any CPU
		{335FCB4D-F4DC-4C6B-A5DF-85F958D79B0B}.Debug|Any CPU.Build.0 = Debug|Any CPU
		{335FCB4D-F4DC-4C6B-A5DF-85F958D79B0B}.Release|Any CPU.ActiveCfg = Release|Any CPU
		{335FCB4D-F4DC-4C6B-A5DF-85F958D79B0B}.Release|Any CPU.Build.0 = Release|Any CPU
		{678157F8-2BD1-4BED-B169-9B7A8590ADF1}.Debug|Any CPU.ActiveCfg = Debug|Any CPU
		{678157F8-2BD1-4BED-B169-9B7A8590ADF1}.Debug|Any CPU.Build.0 = Debug|Any CPU
		{678157F8-2BD1-4BED-B169-9B7A8590ADF1}.Release|Any CPU.ActiveCfg = Release|Any CPU
		{678157F8-2BD1-4BED-B169-9B7A8590ADF1}.Release|Any CPU.Build.0 = Release|Any CPU
		{169EAE78-F7FE-40DF-AE47-6BFFBB54913E}.Debug|Any CPU.ActiveCfg = Debug|Any CPU
		{169EAE78-F7FE-40DF-AE47-6BFFBB54913E}.Debug|Any CPU.Build.0 = Debug|Any CPU
		{169EAE78-F7FE-40DF-AE47-6BFFBB54913E}.Release|Any CPU.ActiveCfg = Release|Any CPU
		{169EAE78-F7FE-40DF-AE47-6BFFBB54913E}.Release|Any CPU.Build.0 = Release|Any CPU
		{9CF059B4-D905-4020-AD0D-F90C4E7D72B6}.Debug|Any CPU.ActiveCfg = Debug|Any CPU
		{9CF059B4-D905-4020-AD0D-F90C4E7D72B6}.Debug|Any CPU.Build.0 = Debug|Any CPU
		{9CF059B4-D905-4020-AD0D-F90C4E7D72B6}.Release|Any CPU.ActiveCfg = Release|Any CPU
		{9CF059B4-D905-4020-AD0D-F90C4E7D72B6}.Release|Any CPU.Build.0 = Release|Any CPU
		{128DDB4B-BE32-49A1-AA89-B056025A77F0}.Debug|Any CPU.ActiveCfg = Debug|Any CPU
		{128DDB4B-BE32-49A1-AA89-B056025A77F0}.Debug|Any CPU.Build.0 = Debug|Any CPU
		{128DDB4B-BE32-49A1-AA89-B056025A77F0}.Release|Any CPU.ActiveCfg = Release|Any CPU
		{128DDB4B-BE32-49A1-AA89-B056025A77F0}.Release|Any CPU.Build.0 = Release|Any CPU
		{D5EEA733-3858-4B36-A008-F87026855952}.Debug|Any CPU.ActiveCfg = Debug|Any CPU
		{D5EEA733-3858-4B36-A008-F87026855952}.Debug|Any CPU.Build.0 = Debug|Any CPU
		{D5EEA733-3858-4B36-A008-F87026855952}.Release|Any CPU.ActiveCfg = Release|Any CPU
		{D5EEA733-3858-4B36-A008-F87026855952}.Release|Any CPU.Build.0 = Release|Any CPU
		{87EE22FC-5E58-422F-BDD9-69F9867927A4}.Debug|Any CPU.ActiveCfg = Debug|Any CPU
		{87EE22FC-5E58-422F-BDD9-69F9867927A4}.Debug|Any CPU.Build.0 = Debug|Any CPU
		{87EE22FC-5E58-422F-BDD9-69F9867927A4}.Release|Any CPU.ActiveCfg = Release|Any CPU
		{87EE22FC-5E58-422F-BDD9-69F9867927A4}.Release|Any CPU.Build.0 = Release|Any CPU
		{E14822EB-3DBA-44AD-8974-0E9AE5E8ABB4}.Debug|Any CPU.ActiveCfg = Debug|Any CPU
		{E14822EB-3DBA-44AD-8974-0E9AE5E8ABB4}.Debug|Any CPU.Build.0 = Debug|Any CPU
		{E14822EB-3DBA-44AD-8974-0E9AE5E8ABB4}.Release|Any CPU.ActiveCfg = Release|Any CPU
		{E14822EB-3DBA-44AD-8974-0E9AE5E8ABB4}.Release|Any CPU.Build.0 = Release|Any CPU
		{B929267D-1395-43DD-BFD2-88EEA9F7D07A}.Debug|Any CPU.ActiveCfg = Debug|Any CPU
		{B929267D-1395-43DD-BFD2-88EEA9F7D07A}.Debug|Any CPU.Build.0 = Debug|Any CPU
		{B929267D-1395-43DD-BFD2-88EEA9F7D07A}.Release|Any CPU.ActiveCfg = Release|Any CPU
		{B929267D-1395-43DD-BFD2-88EEA9F7D07A}.Release|Any CPU.Build.0 = Release|Any CPU
	EndGlobalSection
	GlobalSection(SolutionProperties) = preSolution
		HideSolutionNode = FALSE
	EndGlobalSection
EndGlobal
