
Microsoft Visual Studio Solution File, Format Version 12.00
# Visual Studio 2013
VisualStudioVersion = 12.0.30723.0
MinimumVisualStudioVersion = 10.0.40219.1
Project("{2150E333-8FDC-42A3-9474-1A3956D46DE8}") = "Diagrams", "Diagrams", "{71224720-B824-41FE-8879-1FD9DD8393A3}"
EndProject
Project("{FAE04EC0-301F-11D3-BF4B-00C04F79EFBC}") = "Ch05.Common", "Ch05.Common\Ch05.Common.csproj", "{999B3C29-3F24-4411-9A4C-6D73F1EF9D8D}"
EndProject
Project("{2150E333-8FDC-42A3-9474-1A3956D46DE8}") = ".nuget", ".nuget", "{1379B3D0-8D72-4C73-8A0D-A74FAD9F1367}"
	ProjectSection(SolutionItems) = preProject
		.nuget\NuGet.Config = .nuget\NuGet.Config
		.nuget\NuGet.exe = .nuget\NuGet.exe
		.nuget\NuGet.targets = .nuget\NuGet.targets
	EndProjectSection
EndProject
Project("{FAE04EC0-301F-11D3-BF4B-00C04F79EFBC}") = "Ex01.HttpControllerActivator", "Ex01.HttpControllerActivator\Ex01.HttpControllerActivator.csproj", "{27C0DE65-2716-4A3E-A314-1FF16E15B964}"
EndProject
Project("{FAE04EC0-301F-11D3-BF4B-00C04F79EFBC}") = "Ex01.HttpControllerActivator.Unity", "Ex01.HttpControllerActivator.Unity\Ex01.HttpControllerActivator.Unity.csproj", "{CADD2BA3-BDE0-4B00-B9C4-817A2F67414E}"
EndProject
Project("{FAE04EC0-301F-11D3-BF4B-00C04F79EFBC}") = "Ex02.DependencyResolver", "Ex02.DependencyResolver\Ex02.DependencyResolver.csproj", "{9ED4609D-2764-4C4A-BFBE-1DA47CD5804D}"
EndProject
Project("{FAE04EC0-301F-11D3-BF4B-00C04F79EFBC}") = "Ex02.DependencyResolver.Unity", "Ex02.DependencyResolver.Unity\Ex02.DependencyResolver.Unity.csproj", "{398173C1-3D98-491E-A4E0-06DE82ADB43E}"
EndProject
Project("{FAE04EC0-301F-11D3-BF4B-00C04F79EFBC}") = "Ex02.DependencyResolver.AutofacDemo", "Ex02.DependencyResolver.AutofacDemo\Ex02.DependencyResolver.AutofacDemo.csproj", "{CDA0E500-D14C-4F5B-825E-DB4062AC4DED}"
EndProject
Global
	GlobalSection(SolutionConfigurationPlatforms) = preSolution
		Debug|Any CPU = Debug|Any CPU
		Release|Any CPU = Release|Any CPU
	EndGlobalSection
	GlobalSection(ProjectConfigurationPlatforms) = postSolution
		{999B3C29-3F24-4411-9A4C-6D73F1EF9D8D}.Debug|Any CPU.ActiveCfg = Debug|Any CPU
		{999B3C29-3F24-4411-9A4C-6D73F1EF9D8D}.Debug|Any CPU.Build.0 = Debug|Any CPU
		{999B3C29-3F24-4411-9A4C-6D73F1EF9D8D}.Release|Any CPU.ActiveCfg = Release|Any CPU
		{999B3C29-3F24-4411-9A4C-6D73F1EF9D8D}.Release|Any CPU.Build.0 = Release|Any CPU
		{27C0DE65-2716-4A3E-A314-1FF16E15B964}.Debug|Any CPU.ActiveCfg = Debug|Any CPU
		{27C0DE65-2716-4A3E-A314-1FF16E15B964}.Debug|Any CPU.Build.0 = Debug|Any CPU
		{27C0DE65-2716-4A3E-A314-1FF16E15B964}.Release|Any CPU.ActiveCfg = Release|Any CPU
		{27C0DE65-2716-4A3E-A314-1FF16E15B964}.Release|Any CPU.Build.0 = Release|Any CPU
		{CADD2BA3-BDE0-4B00-B9C4-817A2F67414E}.Debug|Any CPU.ActiveCfg = Debug|Any CPU
		{CADD2BA3-BDE0-4B00-B9C4-817A2F67414E}.Debug|Any CPU.Build.0 = Debug|Any CPU
		{CADD2BA3-BDE0-4B00-B9C4-817A2F67414E}.Release|Any CPU.ActiveCfg = Release|Any CPU
		{CADD2BA3-BDE0-4B00-B9C4-817A2F67414E}.Release|Any CPU.Build.0 = Release|Any CPU
		{9ED4609D-2764-4C4A-BFBE-1DA47CD5804D}.Debug|Any CPU.ActiveCfg = Debug|Any CPU
		{9ED4609D-2764-4C4A-BFBE-1DA47CD5804D}.Debug|Any CPU.Build.0 = Debug|Any CPU
		{9ED4609D-2764-4C4A-BFBE-1DA47CD5804D}.Release|Any CPU.ActiveCfg = Release|Any CPU
		{9ED4609D-2764-4C4A-BFBE-1DA47CD5804D}.Release|Any CPU.Build.0 = Release|Any CPU
		{398173C1-3D98-491E-A4E0-06DE82ADB43E}.Debug|Any CPU.ActiveCfg = Debug|Any CPU
		{398173C1-3D98-491E-A4E0-06DE82ADB43E}.Debug|Any CPU.Build.0 = Debug|Any CPU
		{398173C1-3D98-491E-A4E0-06DE82ADB43E}.Release|Any CPU.ActiveCfg = Release|Any CPU
		{398173C1-3D98-491E-A4E0-06DE82ADB43E}.Release|Any CPU.Build.0 = Release|Any CPU
		{CDA0E500-D14C-4F5B-825E-DB4062AC4DED}.Debug|Any CPU.ActiveCfg = Debug|Any CPU
		{CDA0E500-D14C-4F5B-825E-DB4062AC4DED}.Debug|Any CPU.Build.0 = Debug|Any CPU
		{CDA0E500-D14C-4F5B-825E-DB4062AC4DED}.Release|Any CPU.ActiveCfg = Release|Any CPU
		{CDA0E500-D14C-4F5B-825E-DB4062AC4DED}.Release|Any CPU.Build.0 = Release|Any CPU
	EndGlobalSection
	GlobalSection(SolutionProperties) = preSolution
		HideSolutionNode = FALSE
	EndGlobalSection
EndGlobal
