
Microsoft Visual Studio Solution File, Format Version 12.00
# Visual Studio 2013
VisualStudioVersion = 12.0.30723.0
MinimumVisualStudioVersion = 10.0.40219.1
Project("{FAE04EC0-301F-11D3-BF4B-00C04F79EFBC}") = "Ex01.HelloAutofac", "Ex01.HelloAutofac\Ex01.HelloAutofac.csproj", "{B841B8E0-66EC-4B61-8ED5-3D899298D760}"
EndProject
Global
	GlobalSection(SolutionConfigurationPlatforms) = preSolution
		Debug|Any CPU = Debug|Any CPU
		Release|Any CPU = Release|Any CPU
	EndGlobalSection
	GlobalSection(ProjectConfigurationPlatforms) = postSolution
		{B841B8E0-66EC-4B61-8ED5-3D899298D760}.Debug|Any CPU.ActiveCfg = Debug|Any CPU
		{B841B8E0-66EC-4B61-8ED5-3D899298D760}.Debug|Any CPU.Build.0 = Debug|Any CPU
		{B841B8E0-66EC-4B61-8ED5-3D899298D760}.Release|Any CPU.ActiveCfg = Release|Any CPU
		{B841B8E0-66EC-4B61-8ED5-3D899298D760}.Release|Any CPU.Build.0 = Release|Any CPU
	EndGlobalSection
	GlobalSection(SolutionProperties) = preSolution
		HideSolutionNode = FALSE
	EndGlobalSection
EndGlobal
